id: swaylock
version: 1.8.5
about: Screen locker for wayland

post-script: |-
  install -D -m 0644 LICENSE -t %{install-root}/%{datadir}/licenses/%{id}

depends:
  - components/cairo.yml
  - components/gdk-pixbuf.yml
  - components/libxkbcommon.yml
  - components/pam.yml
  - components/wayland.yml

build-depends:
  - components/scdoc.yml
  - components/wayland-protocols.yml

sources:
  - https://github.com/swaywm/swaylock/releases/download/v%{version}/swaylock-%{version}.tar.gz
